
Microsoft Visual Studio Solution File, Format Version 12.00
# Visual Studio Version 16
VisualStudioVersion = 16.0.30907.101
MinimumVisualStudioVersion = 10.0.40219.1
Project("{FAE04EC0-301F-11D3-BF4B-00C04F79EFBC}") = "GreenGuys", "GreenGuys\GreenGuys.csproj", "{B8B2913E-4820-4224-B6A9-DBBA348E3796}"
EndProject
Global
	GlobalSection(SolutionConfigurationPlatforms) = preSolution
		Debug|Any CPU = Debug|Any CPU
		Release|Any CPU = Release|Any CPU
	EndGlobalSection
	GlobalSection(ProjectConfigurationPlatforms) = postSolution
		{B8B2913E-4820-4224-B6A9-DBBA348E3796}.Debug|Any CPU.ActiveCfg = Debug|Any CPU
		{B8B2913E-4820-4224-B6A9-DBBA348E3796}.Debug|Any CPU.Build.0 = Debug|Any CPU
		{B8B2913E-4820-4224-B6A9-DBBA348E3796}.Release|Any CPU.ActiveCfg = Release|Any CPU
		{B8B2913E-4820-4224-B6A9-DBBA348E3796}.Release|Any CPU.Build.0 = Release|Any CPU
	EndGlobalSection
	GlobalSection(SolutionProperties) = preSolution
		HideSolutionNode = FALSE
	EndGlobalSection
	GlobalSection(ExtensibilityGlobals) = postSolution
		SolutionGuid = {4B8BDE6B-28A1-4E61-A8BF-306C520D4B80}
	EndGlobalSection
EndGlobal
